
Microsoft Visual Studio Solution File, Format Version 12.00
# Visual Studio Version 17
VisualStudioVersion = 17.0.31606.5
MinimumVisualStudioVersion = 10.0.40219.1
Project("{2150E333-8FDC-42A3-9474-1A3956D46DE8}") = "01 - Teste de Unidade", "01 - Teste de Unidade", "{C5258AA5-F361-46AB-929E-757868C17EAC}"
EndProject
Project("{2150E333-8FDC-42A3-9474-1A3956D46DE8}") = "1.1 - Testes Basicos", "1.1 - Testes Basicos", "{D93F883D-D260-4057-A019-14725351655F}"
EndProject
Project("{2150E333-8FDC-42A3-9474-1A3956D46DE8}") = "2.2 - Features", "2.2 - Features", "{DAE7F6B3-EFE1-43C4-BC4B-7D09C8740EC4}"
EndProject
Project("{2150E333-8FDC-42A3-9474-1A3956D46DE8}") = "02 - TDD", "02 - TDD", "{513F2504-187C-4778-90A1-1E45CAD4FC88}"
EndProject
Project("{2150E333-8FDC-42A3-9474-1A3956D46DE8}") = "Tests", "Tests", "{D31E1C52-B98E-4389-BBAD-92156851A817}"
EndProject
Project("{9A19103F-16F7-4668-BE54-9A1E7A4F7556}") = "Demo", "src\01 - TesteDeUnidade\Demo\Demo.csproj", "{DE342DEC-B3BC-43DD-9095-A6BD72D5AE99}"
EndProject
Project("{9A19103F-16F7-4668-BE54-9A1E7A4F7556}") = "Demo.Tests", "src\01 - TesteDeUnidade\Demo.Tests\Demo.Tests.csproj", "{621BFE17-78D1-4D5E-9399-9F897FBAF4F1}"
EndProject
Project("{9A19103F-16F7-4668-BE54-9A1E7A4F7556}") = "Features", "src\01 - TesteDeUnidade\Features\Features.csproj", "{E9F00D12-F03D-442C-834E-B00B5B556E97}"
EndProject
Project("{9A19103F-16F7-4668-BE54-9A1E7A4F7556}") = "Features.Tests", "src\01 - TesteDeUnidade\Features.Tests\Features.Tests.csproj", "{0715BCDA-AF53-4E40-BD21-38B85B8FFDC1}"
EndProject
Project("{FAE04EC0-301F-11D3-BF4B-00C04F79EFBC}") = "NerdStore.Vendas.Application.Tests", "src\02 - TDD\tests\NerdStore.Vendas.Application.Tests\NerdStore.Vendas.Application.Tests.csproj", "{FC4C92B5-1688-4E32-A29C-045F4983BECC}"
EndProject
Project("{9A19103F-16F7-4668-BE54-9A1E7A4F7556}") = "NerdStore.Vendas.Domain.Tests", "src\02 - TDD\tests\NerdStore.Vendas.Domain.Tests\NerdStore.Vendas.Domain.Tests.csproj", "{843E9408-7758-4AD1-B249-7C2A63FA278C}"
EndProject
Project("{FAE04EC0-301F-11D3-BF4B-00C04F79EFBC}") = "NerdStore.Vendas.Domain", "src\02 - TDD\src\NerdStore.Vendas.Domain\NerdStore.Vendas.Domain.csproj", "{68269251-0817-475E-BC7A-444E7D17D5FE}"
EndProject
Global
	GlobalSection(SolutionConfigurationPlatforms) = preSolution
		Debug|Any CPU = Debug|Any CPU
		Release|Any CPU = Release|Any CPU
	EndGlobalSection
	GlobalSection(ProjectConfigurationPlatforms) = postSolution
		{DE342DEC-B3BC-43DD-9095-A6BD72D5AE99}.Debug|Any CPU.ActiveCfg = Debug|Any CPU
		{DE342DEC-B3BC-43DD-9095-A6BD72D5AE99}.Debug|Any CPU.Build.0 = Debug|Any CPU
		{DE342DEC-B3BC-43DD-9095-A6BD72D5AE99}.Release|Any CPU.ActiveCfg = Release|Any CPU
		{DE342DEC-B3BC-43DD-9095-A6BD72D5AE99}.Release|Any CPU.Build.0 = Release|Any CPU
		{621BFE17-78D1-4D5E-9399-9F897FBAF4F1}.Debug|Any CPU.ActiveCfg = Debug|Any CPU
		{621BFE17-78D1-4D5E-9399-9F897FBAF4F1}.Debug|Any CPU.Build.0 = Debug|Any CPU
		{621BFE17-78D1-4D5E-9399-9F897FBAF4F1}.Release|Any CPU.ActiveCfg = Release|Any CPU
		{621BFE17-78D1-4D5E-9399-9F897FBAF4F1}.Release|Any CPU.Build.0 = Release|Any CPU
		{E9F00D12-F03D-442C-834E-B00B5B556E97}.Debug|Any CPU.ActiveCfg = Debug|Any CPU
		{E9F00D12-F03D-442C-834E-B00B5B556E97}.Debug|Any CPU.Build.0 = Debug|Any CPU
		{E9F00D12-F03D-442C-834E-B00B5B556E97}.Release|Any CPU.ActiveCfg = Release|Any CPU
		{E9F00D12-F03D-442C-834E-B00B5B556E97}.Release|Any CPU.Build.0 = Release|Any CPU
		{0715BCDA-AF53-4E40-BD21-38B85B8FFDC1}.Debug|Any CPU.ActiveCfg = Debug|Any CPU
		{0715BCDA-AF53-4E40-BD21-38B85B8FFDC1}.Debug|Any CPU.Build.0 = Debug|Any CPU
		{0715BCDA-AF53-4E40-BD21-38B85B8FFDC1}.Release|Any CPU.ActiveCfg = Release|Any CPU
		{0715BCDA-AF53-4E40-BD21-38B85B8FFDC1}.Release|Any CPU.Build.0 = Release|Any CPU
		{FC4C92B5-1688-4E32-A29C-045F4983BECC}.Debug|Any CPU.ActiveCfg = Debug|Any CPU
		{FC4C92B5-1688-4E32-A29C-045F4983BECC}.Debug|Any CPU.Build.0 = Debug|Any CPU
		{FC4C92B5-1688-4E32-A29C-045F4983BECC}.Release|Any CPU.ActiveCfg = Release|Any CPU
		{FC4C92B5-1688-4E32-A29C-045F4983BECC}.Release|Any CPU.Build.0 = Release|Any CPU
		{843E9408-7758-4AD1-B249-7C2A63FA278C}.Debug|Any CPU.ActiveCfg = Debug|Any CPU
		{843E9408-7758-4AD1-B249-7C2A63FA278C}.Debug|Any CPU.Build.0 = Debug|Any CPU
		{843E9408-7758-4AD1-B249-7C2A63FA278C}.Release|Any CPU.ActiveCfg = Release|Any CPU
		{843E9408-7758-4AD1-B249-7C2A63FA278C}.Release|Any CPU.Build.0 = Release|Any CPU
		{68269251-0817-475E-BC7A-444E7D17D5FE}.Debug|Any CPU.ActiveCfg = Debug|Any CPU
		{68269251-0817-475E-BC7A-444E7D17D5FE}.Debug|Any CPU.Build.0 = Debug|Any CPU
		{68269251-0817-475E-BC7A-444E7D17D5FE}.Release|Any CPU.ActiveCfg = Release|Any CPU
		{68269251-0817-475E-BC7A-444E7D17D5FE}.Release|Any CPU.Build.0 = Release|Any CPU
	EndGlobalSection
	GlobalSection(SolutionProperties) = preSolution
		HideSolutionNode = FALSE
	EndGlobalSection
	GlobalSection(NestedProjects) = preSolution
		{D93F883D-D260-4057-A019-14725351655F} = {C5258AA5-F361-46AB-929E-757868C17EAC}
		{DAE7F6B3-EFE1-43C4-BC4B-7D09C8740EC4} = {C5258AA5-F361-46AB-929E-757868C17EAC}
		{D31E1C52-B98E-4389-BBAD-92156851A817} = {513F2504-187C-4778-90A1-1E45CAD4FC88}
		{DE342DEC-B3BC-43DD-9095-A6BD72D5AE99} = {D93F883D-D260-4057-A019-14725351655F}
		{621BFE17-78D1-4D5E-9399-9F897FBAF4F1} = {D93F883D-D260-4057-A019-14725351655F}
		{E9F00D12-F03D-442C-834E-B00B5B556E97} = {DAE7F6B3-EFE1-43C4-BC4B-7D09C8740EC4}
		{0715BCDA-AF53-4E40-BD21-38B85B8FFDC1} = {DAE7F6B3-EFE1-43C4-BC4B-7D09C8740EC4}
		{FC4C92B5-1688-4E32-A29C-045F4983BECC} = {D31E1C52-B98E-4389-BBAD-92156851A817}
		{843E9408-7758-4AD1-B249-7C2A63FA278C} = {D31E1C52-B98E-4389-BBAD-92156851A817}
		{68269251-0817-475E-BC7A-444E7D17D5FE} = {513F2504-187C-4778-90A1-1E45CAD4FC88}
	EndGlobalSection
	GlobalSection(ExtensibilityGlobals) = postSolution
		SolutionGuid = {DB08B917-75E0-4FE1-9285-2A4D2BAF7647}
	EndGlobalSection
EndGlobal
