
Microsoft Visual Studio Solution File, Format Version 12.00
# Visual Studio Version 17
VisualStudioVersion = 17.0.31606.5
MinimumVisualStudioVersion = 10.0.40219.1
Project("{2150E333-8FDC-42A3-9474-1A3956D46DE8}") = "01 - Teste de Unidade", "01 - Teste de Unidade", "{C5258AA5-F361-46AB-929E-757868C17EAC}"
EndProject
Project("{2150E333-8FDC-42A3-9474-1A3956D46DE8}") = "1.1 - Testes Basicos", "1.1 - Testes Basicos", "{D93F883D-D260-4057-A019-14725351655F}"
EndProject
Project("{9A19103F-16F7-4668-BE54-9A1E7A4F7556}") = "Demo", "src\TesteDeUnidade\Demo\Demo.csproj", "{531F9554-BFFA-4C5C-B604-66986AB05CEC}"
EndProject
Project("{FAE04EC0-301F-11D3-BF4B-00C04F79EFBC}") = "Demo.Tests", "src\TesteDeUnidade\Demo.Tests\Demo.Tests.csproj", "{F65562A9-49AC-49AF-9564-138ED1D0FE70}"
EndProject
Project("{2150E333-8FDC-42A3-9474-1A3956D46DE8}") = "2.2 - Features", "2.2 - Features", "{DAE7F6B3-EFE1-43C4-BC4B-7D09C8740EC4}"
EndProject
Project("{9A19103F-16F7-4668-BE54-9A1E7A4F7556}") = "Features", "src\TesteDeUnidade\Features\Features.csproj", "{9185F8F0-E3F9-4EDD-A45A-3B96FB6CD83E}"
EndProject
Project("{9A19103F-16F7-4668-BE54-9A1E7A4F7556}") = "Features.Tests", "src\TesteDeUnidade\Features.Tests\Features.Tests.csproj", "{FCD236FC-A6FE-42C5-AB97-191A0B871784}"
EndProject
Global
	GlobalSection(SolutionConfigurationPlatforms) = preSolution
		Debug|Any CPU = Debug|Any CPU
		Release|Any CPU = Release|Any CPU
	EndGlobalSection
	GlobalSection(ProjectConfigurationPlatforms) = postSolution
		{531F9554-BFFA-4C5C-B604-66986AB05CEC}.Debug|Any CPU.ActiveCfg = Debug|Any CPU
		{531F9554-BFFA-4C5C-B604-66986AB05CEC}.Debug|Any CPU.Build.0 = Debug|Any CPU
		{531F9554-BFFA-4C5C-B604-66986AB05CEC}.Release|Any CPU.ActiveCfg = Release|Any CPU
		{531F9554-BFFA-4C5C-B604-66986AB05CEC}.Release|Any CPU.Build.0 = Release|Any CPU
		{F65562A9-49AC-49AF-9564-138ED1D0FE70}.Debug|Any CPU.ActiveCfg = Debug|Any CPU
		{F65562A9-49AC-49AF-9564-138ED1D0FE70}.Debug|Any CPU.Build.0 = Debug|Any CPU
		{F65562A9-49AC-49AF-9564-138ED1D0FE70}.Release|Any CPU.ActiveCfg = Release|Any CPU
		{F65562A9-49AC-49AF-9564-138ED1D0FE70}.Release|Any CPU.Build.0 = Release|Any CPU
		{9185F8F0-E3F9-4EDD-A45A-3B96FB6CD83E}.Debug|Any CPU.ActiveCfg = Debug|Any CPU
		{9185F8F0-E3F9-4EDD-A45A-3B96FB6CD83E}.Debug|Any CPU.Build.0 = Debug|Any CPU
		{9185F8F0-E3F9-4EDD-A45A-3B96FB6CD83E}.Release|Any CPU.ActiveCfg = Release|Any CPU
		{9185F8F0-E3F9-4EDD-A45A-3B96FB6CD83E}.Release|Any CPU.Build.0 = Release|Any CPU
		{FCD236FC-A6FE-42C5-AB97-191A0B871784}.Debug|Any CPU.ActiveCfg = Debug|Any CPU
		{FCD236FC-A6FE-42C5-AB97-191A0B871784}.Debug|Any CPU.Build.0 = Debug|Any CPU
		{FCD236FC-A6FE-42C5-AB97-191A0B871784}.Release|Any CPU.ActiveCfg = Release|Any CPU
		{FCD236FC-A6FE-42C5-AB97-191A0B871784}.Release|Any CPU.Build.0 = Release|Any CPU
	EndGlobalSection
	GlobalSection(SolutionProperties) = preSolution
		HideSolutionNode = FALSE
	EndGlobalSection
	GlobalSection(NestedProjects) = preSolution
		{D93F883D-D260-4057-A019-14725351655F} = {C5258AA5-F361-46AB-929E-757868C17EAC}
		{531F9554-BFFA-4C5C-B604-66986AB05CEC} = {D93F883D-D260-4057-A019-14725351655F}
		{F65562A9-49AC-49AF-9564-138ED1D0FE70} = {D93F883D-D260-4057-A019-14725351655F}
		{DAE7F6B3-EFE1-43C4-BC4B-7D09C8740EC4} = {C5258AA5-F361-46AB-929E-757868C17EAC}
		{9185F8F0-E3F9-4EDD-A45A-3B96FB6CD83E} = {DAE7F6B3-EFE1-43C4-BC4B-7D09C8740EC4}
		{FCD236FC-A6FE-42C5-AB97-191A0B871784} = {DAE7F6B3-EFE1-43C4-BC4B-7D09C8740EC4}
	EndGlobalSection
	GlobalSection(ExtensibilityGlobals) = postSolution
		SolutionGuid = {DB08B917-75E0-4FE1-9285-2A4D2BAF7647}
	EndGlobalSection
EndGlobal
